
Microsoft Visual Studio Solution File, Format Version 12.00
# Visual Studio Version 17
VisualStudioVersion = 17.14.36203.30 d17.14
MinimumVisualStudioVersion = 10.0.40219.1
Project("{FAE04EC0-301F-11D3-BF4B-00C04F79EFBC}") = "MusicSchools.Application", "MusicSchools.Application\MusicSchools.Application.csproj", "{8015FAC3-1E26-4092-87CB-559178598C59}"
EndProject
Project("{FAE04EC0-301F-11D3-BF4B-00C04F79EFBC}") = "MusicSchools.Domain", "MusicSchools.Domain\MusicSchools.Domain.csproj", "{57D3330D-8FC2-4E83-A511-3F5ADCC87481}"
EndProject
Project("{FAE04EC0-301F-11D3-BF4B-00C04F79EFBC}") = "MusicSchools.Infrastructure", "MusicSchools.Infrastructure\MusicSchools.Infrastructure.csproj", "{450F951A-385B-4C9A-BDEF-06CEB27E824D}"
EndProject
Project("{FAE04EC0-301F-11D3-BF4B-00C04F79EFBC}") = "MusicSchools.Persistence", "MusicSchools.Persistence\MusicSchools.Persistence.csproj", "{878DCC5B-1E0E-49C7-839A-F670A3BCCC5D}"
EndProject
Project("{FAE04EC0-301F-11D3-BF4B-00C04F79EFBC}") = "MusicSchools.API", "MusicSchools.API\MusicSchools.API.csproj", "{198E8A68-C373-410E-8884-4574D4F6D063}"
EndProject
Global
	GlobalSection(SolutionConfigurationPlatforms) = preSolution
		Debug|Any CPU = Debug|Any CPU
		Release|Any CPU = Release|Any CPU
	EndGlobalSection
	GlobalSection(ProjectConfigurationPlatforms) = postSolution
		{8015FAC3-1E26-4092-87CB-559178598C59}.Debug|Any CPU.ActiveCfg = Debug|Any CPU
		{8015FAC3-1E26-4092-87CB-559178598C59}.Debug|Any CPU.Build.0 = Debug|Any CPU
		{8015FAC3-1E26-4092-87CB-559178598C59}.Release|Any CPU.ActiveCfg = Release|Any CPU
		{8015FAC3-1E26-4092-87CB-559178598C59}.Release|Any CPU.Build.0 = Release|Any CPU
		{57D3330D-8FC2-4E83-A511-3F5ADCC87481}.Debug|Any CPU.ActiveCfg = Debug|Any CPU
		{57D3330D-8FC2-4E83-A511-3F5ADCC87481}.Debug|Any CPU.Build.0 = Debug|Any CPU
		{57D3330D-8FC2-4E83-A511-3F5ADCC87481}.Release|Any CPU.ActiveCfg = Release|Any CPU
		{57D3330D-8FC2-4E83-A511-3F5ADCC87481}.Release|Any CPU.Build.0 = Release|Any CPU
		{450F951A-385B-4C9A-BDEF-06CEB27E824D}.Debug|Any CPU.ActiveCfg = Debug|Any CPU
		{450F951A-385B-4C9A-BDEF-06CEB27E824D}.Debug|Any CPU.Build.0 = Debug|Any CPU
		{450F951A-385B-4C9A-BDEF-06CEB27E824D}.Release|Any CPU.ActiveCfg = Release|Any CPU
		{450F951A-385B-4C9A-BDEF-06CEB27E824D}.Release|Any CPU.Build.0 = Release|Any CPU
		{878DCC5B-1E0E-49C7-839A-F670A3BCCC5D}.Debug|Any CPU.ActiveCfg = Debug|Any CPU
		{878DCC5B-1E0E-49C7-839A-F670A3BCCC5D}.Debug|Any CPU.Build.0 = Debug|Any CPU
		{878DCC5B-1E0E-49C7-839A-F670A3BCCC5D}.Release|Any CPU.ActiveCfg = Release|Any CPU
		{878DCC5B-1E0E-49C7-839A-F670A3BCCC5D}.Release|Any CPU.Build.0 = Release|Any CPU
		{198E8A68-C373-410E-8884-4574D4F6D063}.Debug|Any CPU.ActiveCfg = Debug|Any CPU
		{198E8A68-C373-410E-8884-4574D4F6D063}.Debug|Any CPU.Build.0 = Debug|Any CPU
		{198E8A68-C373-410E-8884-4574D4F6D063}.Release|Any CPU.ActiveCfg = Release|Any CPU
		{198E8A68-C373-410E-8884-4574D4F6D063}.Release|Any CPU.Build.0 = Release|Any CPU
	EndGlobalSection
	GlobalSection(SolutionProperties) = preSolution
		HideSolutionNode = FALSE
	EndGlobalSection
	GlobalSection(ExtensibilityGlobals) = postSolution
		SolutionGuid = {FB5CAE0B-5D85-436D-A6F4-E2BCE93F1E62}
	EndGlobalSection
EndGlobal
